version = 1

[root]
name = "web_dom"
version = "0.1.0"
kind = "app"
kira = "0.1.0"

[[root_dependency]]
name = "Foundation"
source = "path"
path = "../../foundation"

[[package]]
name = "Foundation"
version = "0.1.0"
kind = "library"
kira = "0.1.0"
module_root = "Foundation"
source = "path"
path = "/Users/priamc/Code/kira-projects/kira-zig/.codex/worktrees/agent-a232aff952c8af740/foundation"
